// !$*UTF8*$!
{
	archiveVersion = 1;
	classes = {
	};
	objectVersion = 46;
	objects = {

/* Begin PBXBuildFile section */
		8FA92F980509DFD67C40AC89 /* Pods_osudovehry.framework in Frameworks */ = {isa = PBXBuildFile; fileRef = 0E29D6C9CC9AB80EA5839CBA /* Pods_osudovehry.framework */; };
		CD89FBE51E33FBBC00D5DFFB /* AppDelegate.swift in Sources */ = {isa = PBXBuildFile; fileRef = CD89FBE41E33FBBC00D5DFFB /* AppDelegate.swift */; };
		CD89FBE71E33FBBC00D5DFFB /* ViewController.swift in Sources */ = {isa = PBXBuildFile; fileRef = CD89FBE61E33FBBC00D5DFFB /* ViewController.swift */; };
		CD89FBEC1E33FBBC00D5DFFB /* Assets.xcassets in Resources */ = {isa = PBXBuildFile; fileRef = CD89FBEB1E33FBBC00D5DFFB /* Assets.xcassets */; };
		CD89FBEF1E33FBBC00D5DFFB /* LaunchScreen.storyboard in Resources */ = {isa = PBXBuildFile; fileRef = CD89FBED1E33FBBC00D5DFFB /* LaunchScreen.storyboard */; };
/* End PBXBuildFile section */

/* Begin PBXFileReference section */
		0E29D6C9CC9AB80EA5839CBA /* Pods_osudovehry.framework */ = {isa = PBXFileReference; explicitFileType = wrapper.framework; includeInIndex = 0; path = Pods_osudovehry.framework; sourceTree = BUILT_PRODUCTS_DIR; };
		3C16BFCDF856F313E1BB8D2C /* Pods-osudovehry.release.xcconfig */ = {isa = PBXFileReference; includeInIndex = 1; lastKnownFileType = text.xcconfig; name = "Pods-osudovehry.release.xcconfig"; path = "Pods/Target Support Files/Pods-osudovehry/Pods-osudovehry.release.xcconfig"; sourceTree = "<group>"; };
		CD89FBE11E33FBBC00D5DFFB /* osudovehry.app */ = {isa = PBXFileReference; explicitFileType = wrapper.application; includeInIndex = 0; path = osudovehry.app; sourceTree = BUILT_PRODUCTS_DIR; };
		CD89FBE41E33FBBC00D5DFFB /* AppDelegate.swift */ = {isa = PBXFileReference; lastKnownFileType = sourcecode.swift; path = AppDelegate.swift; sourceTree = "<group>"; };
		CD89FBE61E33FBBC00D5DFFB /* ViewController.swift */ = {isa = PBXFileReference; lastKnownFileType = sourcecode.swift; path = ViewController.swift; sourceTree = "<group>"; };
		CD89FBEB1E33FBBC00D5DFFB /* Assets.xcassets */ = {isa = PBXFileReference; lastKnownFileType = folder.assetcatalog; path = Assets.xcassets; sourceTree = "<group>"; };
		CD89FBEE1E33FBBC00D5DFFB /* Base */ = {isa = PBXFileReference; lastKnownFileType = file.storyboard; name = Base; path = Base.lproj/LaunchScreen.storyboard; sourceTree = "<group>"; };
		CD89FBF01E33FBBC00D5DFFB /* Info.plist */ = {isa = PBXFileReference; lastKnownFileType = text.plist.xml; path = Info.plist; sourceTree = "<group>"; };
		F87F803A4D87ECBC344C939B /* Pods-osudovehry.debug.xcconfig */ = {isa = PBXFileReference; includeInIndex = 1; lastKnownFileType = text.xcconfig; name = "Pods-osudovehry.debug.xcconfig"; path = "Pods/Target Support Files/Pods-osudovehry/Pods-osudovehry.debug.xcconfig"; sourceTree = "<group>"; };
/* End PBXFileReference section */

/* Begin PBXFrameworksBuildPhase section */
		CD89FBDE1E33FBBC00D5DFFB /* Frameworks */ = {
			isa = PBXFrameworksBuildPhase;
			buildActionMask = 2147483647;
			files = (
				8FA92F980509DFD67C40AC89 /* Pods_osudovehry.framework in Frameworks */,
			);
			runOnlyForDeploymentPostprocessing = 0;
		};
/* End PBXFrameworksBuildPhase section */

/* Begin PBXGroup section */
		0E417020F9DE23DE666AA33E /* Frameworks */ = {
			isa = PBXGroup;
			children = (
				0E29D6C9CC9AB80EA5839CBA /* Pods_osudovehry.framework */,
			);
			name = Frameworks;
			sourceTree = "<group>";
		};
		12FA386CBA285C7FCB08E789 /* Pods */ = {
			isa = PBXGroup;
			children = (
				F87F803A4D87ECBC344C939B /* Pods-osudovehry.debug.xcconfig */,
				3C16BFCDF856F313E1BB8D2C /* Pods-osudovehry.release.xcconfig */,
			);
			name = Pods;
			sourceTree = "<group>";
		};
		CD89FBD81E33FBBC00D5DFFB = {
			isa = PBXGroup;
			children = (
				CD89FBE31E33FBBC00D5DFFB /* osudovehry */,
				CD89FBE21E33FBBC00D5DFFB /* Products */,
				12FA386CBA285C7FCB08E789 /* Pods */,
				0E417020F9DE23DE666AA33E /* Frameworks */,
			);
			sourceTree = "<group>";
		};
		CD89FBE21E33FBBC00D5DFFB /* Products */ = {
			isa = PBXGroup;
			children = (
				CD89FBE11E33FBBC00D5DFFB /* osudovehry.app */,
			);
			name = Products;
			sourceTree = "<group>";
		};
		CD89FBE31E33FBBC00D5DFFB /* osudovehry */ = {
			isa = PBXGroup;
			children = (
				CD89FBE41E33FBBC00D5DFFB /* AppDelegate.swift */,
				CD89FBE61E33FBBC00D5DFFB /* ViewController.swift */,
				CD89FBEB1E33FBBC00D5DFFB /* Assets.xcassets */,
				CD89FBED1E33FBBC00D5DFFB /* LaunchScreen.storyboard */,
				CD89FBF01E33FBBC00D5DFFB /* Info.plist */,
			);
			path = osudovehry;
			sourceTree = "<group>";
		};
/* End PBXGroup section */

/* Begin PBXNativeTarget section */
		CD89FBE01E33FBBC00D5DFFB /* osudovehry */ = {
			isa = PBXNativeTarget;
			buildConfigurationList = CD89FBF31E33FBBC00D5DFFB /* Build configuration list for PBXNativeTarget "osudovehry" */;
			buildPhases = (
				9B7E14F38F4D376CAFE01444 /* [CP] Check Pods Manifest.lock */,
				CD89FBDD1E33FBBC00D5DFFB /* Sources */,
				CD89FBDE1E33FBBC00D5DFFB /* Frameworks */,
				CD89FBDF1E33FBBC00D5DFFB /* Resources */,
				08B849BAD5CD65E6B13FA567 /* [CP] Embed Pods Frameworks */,
				925EC2267643E6796996A69A /* [CP] Copy Pods Resources */,
			);
			buildRules = (
			);
			dependencies = (
			);
			name = osudovehry;
			productName = osudovehry;
			productReference = CD89FBE11E33FBBC00D5DFFB /* osudovehry.app */;
			productType = "com.apple.product-type.application";
		};
/* End PBXNativeTarget section */

/* Begin PBXProject section */
		CD89FBD91E33FBBC00D5DFFB /* Project object */ = {
			isa = PBXProject;
			attributes = {
				LastSwiftUpdateCheck = 0820;
				LastUpgradeCheck = 0820;
				ORGANIZATIONNAME = majko;
				TargetAttributes = {
					CD89FBE01E33FBBC00D5DFFB = {
						CreatedOnToolsVersion = 8.2.1;
						ProvisioningStyle = Automatic;
					};
				};
			};
			buildConfigurationList = CD89FBDC1E33FBBC00D5DFFB /* Build configuration list for PBXProject "osudovehry" */;
			compatibilityVersion = "Xcode 3.2";
			developmentRegion = English;
			hasScannedForEncodings = 0;
			knownRegions = (
				en,
				Base,
			);
			mainGroup = CD89FBD81E33FBBC00D5DFFB;
			productRefGroup = CD89FBE21E33FBBC00D5DFFB /* Products */;
			projectDirPath = "";
			projectRoot = "";
			targets = (
				CD89FBE01E33FBBC00D5DFFB /* osudovehry */,
			);
		};
/* End PBXProject section */

/* Begin PBXResourcesBuildPhase section */
		CD89FBDF1E33FBBC00D5DFFB /* Resources */ = {
			isa = PBXResourcesBuildPhase;
			buildActionMask = 2147483647;
			files = (
				CD89FBEF1E33FBBC00D5DFFB /* LaunchScreen.storyboard in Resources */,
				CD89FBEC1E33FBBC00D5DFFB /* Assets.xcassets in Resources */,
			);
			runOnlyForDeploymentPostprocessing = 0;
		};
/* End PBXResourcesBuildPhase section */

/* Begin PBXShellScriptBuildPhase section */
		08B849BAD5CD65E6B13FA567 /* [CP] Embed Pods Frameworks */ = {
			isa = PBXShellScriptBuildPhase;
			buildActionMask = 2147483647;
			files = (
			);
			inputPaths = (
			);
			name = "[CP] Embed Pods Frameworks";
			outputPaths = (
			);
			runOnlyForDeploymentPostprocessing = 0;
			shellPath = /bin/sh;
			shellScript = "\"${SRCROOT}/Pods/Target Support Files/Pods-osudovehry/Pods-osudovehry-frameworks.sh\"\n";
			showEnvVarsInLog = 0;
		};
		925EC2267643E6796996A69A /* [CP] Copy Pods Resources */ = {
			isa = PBXShellScriptBuildPhase;
			buildActionMask = 2147483647;
			files = (
			);
			inputPaths = (
			);
			name = "[CP] Copy Pods Resources";
			outputPaths = (
			);
			runOnlyForDeploymentPostprocessing = 0;
			shellPath = /bin/sh;
			shellScript = "\"${SRCROOT}/Pods/Target Support Files/Pods-osudovehry/Pods-osudovehry-resources.sh\"\n";
			showEnvVarsInLog = 0;
		};
		9B7E14F38F4D376CAFE01444 /* [CP] Check Pods Manifest.lock */ = {
			isa = PBXShellScriptBuildPhase;
			buildActionMask = 2147483647;
			files = (
			);
			inputPaths = (
			);
			name = "[CP] Check Pods Manifest.lock";
			outputPaths = (
			);
			runOnlyForDeploymentPostprocessing = 0;
			shellPath = /bin/sh;
			shellScript = "diff \"${PODS_ROOT}/../Podfile.lock\" \"${PODS_ROOT}/Manifest.lock\" > /dev/null\nif [ $? != 0 ] ; then\n    # print error to STDERR\n    echo \"error: The sandbox is not in sync with the Podfile.lock. Run 'pod install' or update your CocoaPods installation.\" >&2\n    exit 1\nfi\n";
			showEnvVarsInLog = 0;
		};
/* End PBXShellScriptBuildPhase section */

/* Begin PBXSourcesBuildPhase section */
		CD89FBDD1E33FBBC00D5DFFB /* Sources */ = {
			isa = PBXSourcesBuildPhase;
			buildActionMask = 2147483647;
			files = (
				CD89FBE71E33FBBC00D5DFFB /* ViewController.swift in Sources */,
				CD89FBE51E33FBBC00D5DFFB /* AppDelegate.swift in Sources */,
			);
			runOnlyForDeploymentPostprocessing = 0;
		};
/* End PBXSourcesBuildPhase section */

/* Begin PBXVariantGroup section */
		CD89FBED1E33FBBC00D5DFFB /* LaunchScreen.storyboard */ = {
			isa = PBXVariantGroup;
			children = (
				CD89FBEE1E33FBBC00D5DFFB /* Base */,
			);
			name = LaunchScreen.storyboard;
			sourceTree = "<group>";
		};
/* End PBXVariantGroup section */

/* Begin XCBuildConfiguration section */
		CD89FBF11E33FBBC00D5DFFB /* Debug */ = {
			isa = XCBuildConfiguration;
			buildSettings = {
				ALWAYS_SEARCH_USER_PATHS = NO;
				CLANG_ANALYZER_NONNULL = YES;
				CLANG_CXX_LANGUAGE_STANDARD = "gnu++0x";
				CLANG_CXX_LIBRARY = "libc++";
				CLANG_ENABLE_MODULES = YES;
				CLANG_ENABLE_OBJC_ARC = YES;
				CLANG_WARN_BOOL_CONVERSION = YES;
				CLANG_WARN_CONSTANT_CONVERSION = YES;
				CLANG_WARN_DIRECT_OBJC_ISA_USAGE = YES_ERROR;
				CLANG_WARN_DOCUMENTATION_COMMENTS = YES;
				CLANG_WARN_EMPTY_BODY = YES;
				CLANG_WARN_ENUM_CONVERSION = YES;
				CLANG_WARN_INFINITE_RECURSION = YES;
				CLANG_WARN_INT_CONVERSION = YES;
				CLANG_WARN_OBJC_ROOT_CLASS = YES_ERROR;
				CLANG_WARN_SUSPICIOUS_MOVE = YES;
				CLANG_WARN_UNREACHABLE_CODE = YES;
				CLANG_WARN__DUPLICATE_METHOD_MATCH = YES;
				"CODE_SIGN_IDENTITY[sdk=iphoneos*]" = "iPhone Developer";
				COPY_PHASE_STRIP = NO;
				DEBUG_INFORMATION_FORMAT = dwarf;
				ENABLE_STRICT_OBJC_MSGSEND = YES;
				ENABLE_TESTABILITY = YES;
				GCC_C_LANGUAGE_STANDARD = gnu99;
				GCC_DYNAMIC_NO_PIC = NO;
				GCC_NO_COMMON_BLOCKS = YES;
				GCC_OPTIMIZATION_LEVEL = 0;
				GCC_PREPROCESSOR_DEFINITIONS = (
					"DEBUG=1",
					"$(inherited)",
				);
				GCC_WARN_64_TO_32_BIT_CONVERSION = YES;
				GCC_WARN_ABOUT_RETURN_TYPE = YES_ERROR;
				GCC_WARN_UNDECLARED_SELECTOR = YES;
				GCC_WARN_UNINITIALIZED_AUTOS = YES_AGGRESSIVE;
				GCC_WARN_UNUSED_FUNCTION = YES;
				GCC_WARN_UNUSED_VARIABLE = YES;
				IPHONEOS_DEPLOYMENT_TARGET = 10.2;
				MTL_ENABLE_DEBUG_INFO = YES;
				ONLY_ACTIVE_ARCH = YES;
				SDKROOT = iphoneos;
				SWIFT_ACTIVE_COMPILATION_CONDITIONS = DEBUG;
				SWIFT_OPTIMIZATION_LEVEL = "-Onone";
				TARGETED_DEVICE_FAMILY = "1,2";
			};
			name = Debug;
		};
		CD89FBF21E33FBBC00D5DFFB /* Release */ = {
			isa = XCBuildConfiguration;
			buildSettings = {
				ALWAYS_SEARCH_USER_PATHS = NO;
				CLANG_ANALYZER_NONNULL = YES;
				CLANG_CXX_LANGUAGE_STANDARD = "gnu++0x";
				CLANG_CXX_LIBRARY = "libc++";
				CLANG_ENABLE_MODULES = YES;
				CLANG_ENABLE_OBJC_ARC = YES;
				CLANG_WARN_BOOL_CONVERSION = YES;
				CLANG_WARN_CONSTANT_CONVERSION = YES;
				CLANG_WARN_DIRECT_OBJC_ISA_USAGE = YES_ERROR;
				CLANG_WARN_DOCUMENTATION_COMMENTS = YES;
				CLANG_WARN_EMPTY_BODY = YES;
				CLANG_WARN_ENUM_CONVERSION = YES;
				CLANG_WARN_INFINITE_RECURSION = YES;
				CLANG_WARN_INT_CONVERSION = YES;
				CLANG_WARN_OBJC_ROOT_CLASS = YES_ERROR;
				CLANG_WARN_SUSPICIOUS_MOVE = YES;
				CLANG_WARN_UNREACHABLE_CODE = YES;
				CLANG_WARN__DUPLICATE_METHOD_MATCH = YES;
				"CODE_SIGN_IDENTITY[sdk=iphoneos*]" = "iPhone Developer";
				COPY_PHASE_STRIP = NO;
				DEBUG_INFORMATION_FORMAT = "dwarf-with-dsym";
				ENABLE_NS_ASSERTIONS = NO;
				ENABLE_STRICT_OBJC_MSGSEND = YES;
				GCC_C_LANGUAGE_STANDARD = gnu99;
				GCC_NO_COMMON_BLOCKS = YES;
				GCC_WARN_64_TO_32_BIT_CONVERSION = YES;
				GCC_WARN_ABOUT_RETURN_TYPE = YES_ERROR;
				GCC_WARN_UNDECLARED_SELECTOR = YES;
				GCC_WARN_UNINITIALIZED_AUTOS = YES_AGGRESSIVE;
				GCC_WARN_UNUSED_FUNCTION = YES;
				GCC_WARN_UNUSED_VARIABLE = YES;
				IPHONEOS_DEPLOYMENT_TARGET = 10.2;
				MTL_ENABLE_DEBUG_INFO = NO;
				SDKROOT = iphoneos;
				SWIFT_OPTIMIZATION_LEVEL = "-Owholemodule";
				TARGETED_DEVICE_FAMILY = "1,2";
				VALIDATE_PRODUCT = YES;
			};
			name = Release;
		};
		CD89FBF41E33FBBC00D5DFFB /* Debug */ = {
			isa = XCBuildConfiguration;
			baseConfigurationReference = F87F803A4D87ECBC344C939B /* Pods-osudovehry.debug.xcconfig */;
			buildSettings = {
				ASSETCATALOG_COMPILER_APPICON_NAME = AppIcon;
				INFOPLIST_FILE = osudovehry/Info.plist;
				LD_RUNPATH_SEARCH_PATHS = "$(inherited) @executable_path/Frameworks";
				PRODUCT_BUNDLE_IDENTIFIER = com.majko.osudovehry;
				PRODUCT_NAME = "$(TARGET_NAME)";
				SWIFT_VERSION = 3.0;
			};
			name = Debug;
		};
		CD89FBF51E33FBBC00D5DFFB /* Release */ = {
			isa = XCBuildConfiguration;
			baseConfigurationReference = 3C16BFCDF856F313E1BB8D2C /* Pods-osudovehry.release.xcconfig */;
			buildSettings = {
				ASSETCATALOG_COMPILER_APPICON_NAME = AppIcon;
				INFOPLIST_FILE = osudovehry/Info.plist;
				LD_RUNPATH_SEARCH_PATHS = "$(inherited) @executable_path/Frameworks";
				PRODUCT_BUNDLE_IDENTIFIER = com.majko.osudovehry;
				PRODUCT_NAME = "$(TARGET_NAME)";
				SWIFT_VERSION = 3.0;
			};
			name = Release;
		};
/* End XCBuildConfiguration section */

/* Begin XCConfigurationList section */
		CD89FBDC1E33FBBC00D5DFFB /* Build configuration list for PBXProject "osudovehry" */ = {
			isa = XCConfigurationList;
			buildConfigurations = (
				CD89FBF11E33FBBC00D5DFFB /* Debug */,
				CD89FBF21E33FBBC00D5DFFB /* Release */,
			);
			defaultConfigurationIsVisible = 0;
			defaultConfigurationName = Release;
		};
		CD89FBF31E33FBBC00D5DFFB /* Build configuration list for PBXNativeTarget "osudovehry" */ = {
			isa = XCConfigurationList;
			buildConfigurations = (
				CD89FBF41E33FBBC00D5DFFB /* Debug */,
				CD89FBF51E33FBBC00D5DFFB /* Release */,
			);
			defaultConfigurationIsVisible = 0;
			defaultConfigurationName = Release;
		};
/* End XCConfigurationList section */
	};
	rootObject = CD89FBD91E33FBBC00D5DFFB /* Project object */;
}
